
Microsoft Visual Studio Solution File, Format Version 12.00
# Visual Studio Version 16
VisualStudioVersion = 16.0.30503.244
MinimumVisualStudioVersion = 10.0.40219.1
Project("{FAE04EC0-301F-11D3-BF4B-00C04F79EFBC}") = "Lr2(two figures)", "Lr2(two figures)\Lr2(two figures).csproj", "{B3B6A7A9-7A38-4461-9330-7FF98E814A0B}"
EndProject
Global
	GlobalSection(SolutionConfigurationPlatforms) = preSolution
		Debug|Any CPU = Debug|Any CPU
		Release|Any CPU = Release|Any CPU
	EndGlobalSection
	GlobalSection(ProjectConfigurationPlatforms) = postSolution
		{B3B6A7A9-7A38-4461-9330-7FF98E814A0B}.Debug|Any CPU.ActiveCfg = Debug|Any CPU
		{B3B6A7A9-7A38-4461-9330-7FF98E814A0B}.Debug|Any CPU.Build.0 = Debug|Any CPU
		{B3B6A7A9-7A38-4461-9330-7FF98E814A0B}.Release|Any CPU.ActiveCfg = Release|Any CPU
		{B3B6A7A9-7A38-4461-9330-7FF98E814A0B}.Release|Any CPU.Build.0 = Release|Any CPU
	EndGlobalSection
	GlobalSection(SolutionProperties) = preSolution
		HideSolutionNode = FALSE
	EndGlobalSection
	GlobalSection(ExtensibilityGlobals) = postSolution
		SolutionGuid = {850921E6-C6E5-46A1-8066-238F7D370C07}
	EndGlobalSection
EndGlobal
